
Microsoft Visual Studio Solution File, Format Version 12.00
# Visual Studio 15
VisualStudioVersion = 15.0.27130.2036
MinimumVisualStudioVersion = 10.0.40219.1
Project("{2150E333-8FDC-42A3-9474-1A3956D46DE8}") = "Speech", "Speech", "{83E1CDB4-192F-41FA-AF76-912FDBCCDAE5}"
EndProject
Project("{2150E333-8FDC-42A3-9474-1A3956D46DE8}") = "Tests", "Tests", "{BB7F1972-BE36-404F-B2CF-3234AAE05F24}"
EndProject
Project("{2150E333-8FDC-42A3-9474-1A3956D46DE8}") = "_BuildScripts", "_BuildScripts", "{565A4C8A-99CC-495B-BD7C-E50756C82BA4}"
	ProjectSection(SolutionItems) = preProject
		build.cake = build.cake
		build.cmd = build.cmd
		build\packages.cake = build\packages.cake
		build\parameters.cake = build\parameters.cake
		build\servers.cake = build\servers.cake
	EndProjectSection
EndProject
Project("{9A19103F-16F7-4668-BE54-9A1E7A4F7556}") = "Alexa.Speech", "Speech\Alexa.Speech.csproj", "{510ECF75-C5B8-4105-9908-0479BB66401A}"
EndProject
Project("{9A19103F-16F7-4668-BE54-9A1E7A4F7556}") = "Alexa.Speech.Tests", "Tests\Alexa.Speech.Tests.csproj", "{5BA5E234-7510-4124-AB3B-24D34A425A13}"
EndProject
Global
	GlobalSection(SolutionConfigurationPlatforms) = preSolution
		Debug|Any CPU = Debug|Any CPU
		Release|Any CPU = Release|Any CPU
	EndGlobalSection
	GlobalSection(ProjectConfigurationPlatforms) = postSolution
		{510ECF75-C5B8-4105-9908-0479BB66401A}.Debug|Any CPU.ActiveCfg = Debug|Any CPU
		{510ECF75-C5B8-4105-9908-0479BB66401A}.Debug|Any CPU.Build.0 = Debug|Any CPU
		{510ECF75-C5B8-4105-9908-0479BB66401A}.Release|Any CPU.ActiveCfg = Release|Any CPU
		{510ECF75-C5B8-4105-9908-0479BB66401A}.Release|Any CPU.Build.0 = Release|Any CPU
		{5BA5E234-7510-4124-AB3B-24D34A425A13}.Debug|Any CPU.ActiveCfg = Debug|Any CPU
		{5BA5E234-7510-4124-AB3B-24D34A425A13}.Debug|Any CPU.Build.0 = Debug|Any CPU
		{5BA5E234-7510-4124-AB3B-24D34A425A13}.Release|Any CPU.ActiveCfg = Release|Any CPU
		{5BA5E234-7510-4124-AB3B-24D34A425A13}.Release|Any CPU.Build.0 = Release|Any CPU
	EndGlobalSection
	GlobalSection(SolutionProperties) = preSolution
		HideSolutionNode = FALSE
	EndGlobalSection
	GlobalSection(NestedProjects) = preSolution
		{510ECF75-C5B8-4105-9908-0479BB66401A} = {83E1CDB4-192F-41FA-AF76-912FDBCCDAE5}
		{5BA5E234-7510-4124-AB3B-24D34A425A13} = {BB7F1972-BE36-404F-B2CF-3234AAE05F24}
	EndGlobalSection
	GlobalSection(ExtensibilityGlobals) = postSolution
		SolutionGuid = {5FB9587F-BF21-4433-9AE3-C1806F66FC52}
	EndGlobalSection
EndGlobal
